
Microsoft Visual Studio Solution File, Format Version 12.00
# Visual Studio Version 17
VisualStudioVersion = 17.7.33711.374
MinimumVisualStudioVersion = 10.0.40219.1
Project("{FAE04EC0-301F-11D3-BF4B-00C04F79EFBC}") = "BulkyWeb", "BulkyWeb\BulkyWeb.csproj", "{D3902B2E-C7D5-443B-8942-A65F8E28A996}"
EndProject
Project("{FAE04EC0-301F-11D3-BF4B-00C04F79EFBC}") = "Bulky.DataAccess", "Bulky.DataAccess\Bulky.DataAccess.csproj", "{13EDA128-FE25-43E0-887D-4CF586B38483}"
EndProject
Project("{FAE04EC0-301F-11D3-BF4B-00C04F79EFBC}") = "Bulky.Models", "Bulky.Models\Bulky.Models.csproj", "{9D8F58EF-5FF6-4877-9E67-564A1D54E1BC}"
EndProject
Project("{FAE04EC0-301F-11D3-BF4B-00C04F79EFBC}") = "Bulky.Utility", "Bulky.Utility\Bulky.Utility.csproj", "{38B31D49-7319-48E3-B531-64E200E6A24A}"
EndProject
Global
	GlobalSection(SolutionConfigurationPlatforms) = preSolution
		Debug|Any CPU = Debug|Any CPU
		Release|Any CPU = Release|Any CPU
	EndGlobalSection
	GlobalSection(ProjectConfigurationPlatforms) = postSolution
		{D3902B2E-C7D5-443B-8942-A65F8E28A996}.Debug|Any CPU.ActiveCfg = Debug|Any CPU
		{D3902B2E-C7D5-443B-8942-A65F8E28A996}.Debug|Any CPU.Build.0 = Debug|Any CPU
		{D3902B2E-C7D5-443B-8942-A65F8E28A996}.Release|Any CPU.ActiveCfg = Release|Any CPU
		{D3902B2E-C7D5-443B-8942-A65F8E28A996}.Release|Any CPU.Build.0 = Release|Any CPU
		{13EDA128-FE25-43E0-887D-4CF586B38483}.Debug|Any CPU.ActiveCfg = Debug|Any CPU
		{13EDA128-FE25-43E0-887D-4CF586B38483}.Debug|Any CPU.Build.0 = Debug|Any CPU
		{13EDA128-FE25-43E0-887D-4CF586B38483}.Release|Any CPU.ActiveCfg = Release|Any CPU
		{13EDA128-FE25-43E0-887D-4CF586B38483}.Release|Any CPU.Build.0 = Release|Any CPU
		{9D8F58EF-5FF6-4877-9E67-564A1D54E1BC}.Debug|Any CPU.ActiveCfg = Debug|Any CPU
		{9D8F58EF-5FF6-4877-9E67-564A1D54E1BC}.Debug|Any CPU.Build.0 = Debug|Any CPU
		{9D8F58EF-5FF6-4877-9E67-564A1D54E1BC}.Release|Any CPU.ActiveCfg = Release|Any CPU
		{9D8F58EF-5FF6-4877-9E67-564A1D54E1BC}.Release|Any CPU.Build.0 = Release|Any CPU
		{38B31D49-7319-48E3-B531-64E200E6A24A}.Debug|Any CPU.ActiveCfg = Debug|Any CPU
		{38B31D49-7319-48E3-B531-64E200E6A24A}.Debug|Any CPU.Build.0 = Debug|Any CPU
		{38B31D49-7319-48E3-B531-64E200E6A24A}.Release|Any CPU.ActiveCfg = Release|Any CPU
		{38B31D49-7319-48E3-B531-64E200E6A24A}.Release|Any CPU.Build.0 = Release|Any CPU
	EndGlobalSection
	GlobalSection(SolutionProperties) = preSolution
		HideSolutionNode = FALSE
	EndGlobalSection
	GlobalSection(ExtensibilityGlobals) = postSolution
		SolutionGuid = {EC22ABB4-EF28-41C4-B95A-A7710A455131}
	EndGlobalSection
EndGlobal
