
Microsoft Visual Studio Solution File, Format Version 12.00
# Visual Studio Version 17
VisualStudioVersion = 17.7.33711.374
MinimumVisualStudioVersion = 10.0.40219.1
Project("{FAE04EC0-301F-11D3-BF4B-00C04F79EFBC}") = "BulkyWeb", "BulkyWeb\BulkyWeb.csproj", "{D3902B2E-C7D5-443B-8942-A65F8E28A996}"
EndProject
Project("{FAE04EC0-301F-11D3-BF4B-00C04F79EFBC}") = "BulkyWebRazor_Temp", "BulkyWebRazor_Temp\BulkyWebRazor_Temp.csproj", "{DB1C9397-9784-4E16-9C19-48A11A481532}"
EndProject
Global
	GlobalSection(SolutionConfigurationPlatforms) = preSolution
		Debug|Any CPU = Debug|Any CPU
		Release|Any CPU = Release|Any CPU
	EndGlobalSection
	GlobalSection(ProjectConfigurationPlatforms) = postSolution
		{D3902B2E-C7D5-443B-8942-A65F8E28A996}.Debug|Any CPU.ActiveCfg = Debug|Any CPU
		{D3902B2E-C7D5-443B-8942-A65F8E28A996}.Debug|Any CPU.Build.0 = Debug|Any CPU
		{D3902B2E-C7D5-443B-8942-A65F8E28A996}.Release|Any CPU.ActiveCfg = Release|Any CPU
		{D3902B2E-C7D5-443B-8942-A65F8E28A996}.Release|Any CPU.Build.0 = Release|Any CPU
		{DB1C9397-9784-4E16-9C19-48A11A481532}.Debug|Any CPU.ActiveCfg = Debug|Any CPU
		{DB1C9397-9784-4E16-9C19-48A11A481532}.Debug|Any CPU.Build.0 = Debug|Any CPU
		{DB1C9397-9784-4E16-9C19-48A11A481532}.Release|Any CPU.ActiveCfg = Release|Any CPU
		{DB1C9397-9784-4E16-9C19-48A11A481532}.Release|Any CPU.Build.0 = Release|Any CPU
	EndGlobalSection
	GlobalSection(SolutionProperties) = preSolution
		HideSolutionNode = FALSE
	EndGlobalSection
	GlobalSection(ExtensibilityGlobals) = postSolution
		SolutionGuid = {EC22ABB4-EF28-41C4-B95A-A7710A455131}
	EndGlobalSection
EndGlobal
